
Microsoft Visual Studio Solution File, Format Version 12.00
# Visual Studio Version 17
VisualStudioVersion = 17.3.32922.545
MinimumVisualStudioVersion = 10.0.40219.1
Project("{9A19103F-16F7-4668-BE54-9A1E7A4F7556}") = "Ex01", "Ex01\Ex01.csproj", "{A7061891-9C35-488C-80CA-C4BC439D90E2}"
EndProject
Project("{9A19103F-16F7-4668-BE54-9A1E7A4F7556}") = "Ex02", "Ex02\Ex02.csproj", "{70E677C0-69A3-4595-B9C5-3BC2069A75B2}"
EndProject
Project("{9A19103F-16F7-4668-BE54-9A1E7A4F7556}") = "Ex03", "Ex03\Ex03.csproj", "{F4BC501C-0DAB-42B6-9DE4-6E72DA64A2B0}"
EndProject
Project("{9A19103F-16F7-4668-BE54-9A1E7A4F7556}") = "Ex04", "Ex04\Ex04.csproj", "{E9FACBF3-E797-4D7E-B718-7C31F94FAAD1}"
EndProject
Project("{9A19103F-16F7-4668-BE54-9A1E7A4F7556}") = "Ex05", "Ex05\Ex05.csproj", "{4DC42C6C-42D4-4D74-A3BE-E7EBBE4D225E}"
EndProject
Project("{9A19103F-16F7-4668-BE54-9A1E7A4F7556}") = "Ex06", "Ex06\Ex06.csproj", "{D087CC12-61AF-4A80-AAE7-4FE34C1353BA}"
EndProject
Project("{9A19103F-16F7-4668-BE54-9A1E7A4F7556}") = "Ex07", "Ex07\Ex07.csproj", "{093E1430-D7D9-40BD-9B0D-2716E6FE647E}"
EndProject
Project("{9A19103F-16F7-4668-BE54-9A1E7A4F7556}") = "Ex08", "Ex08\Ex08.csproj", "{297EBA06-655D-4287-86D1-C94CD842F2AD}"
EndProject
Project("{9A19103F-16F7-4668-BE54-9A1E7A4F7556}") = "Ex09", "Ex09\Ex09.csproj", "{8BFB08AD-45C4-4F7D-A556-0E051BFEEFA8}"
EndProject
Project("{9A19103F-16F7-4668-BE54-9A1E7A4F7556}") = "Ex10", "Ex10\Ex10.csproj", "{236C7EEE-93AD-41BD-BD4D-D99383934F40}"
EndProject
Project("{9A19103F-16F7-4668-BE54-9A1E7A4F7556}") = "Ex11", "Ex11\Ex11.csproj", "{8B54EDFA-AF3D-4AB9-A2B4-14E8E27E357B}"
EndProject
Project("{9A19103F-16F7-4668-BE54-9A1E7A4F7556}") = "Ex12", "Ex12\Ex12.csproj", "{8D2C7C48-03CC-40A1-85E9-C332B9794247}"
EndProject
Project("{9A19103F-16F7-4668-BE54-9A1E7A4F7556}") = "Ex13", "Ex13\Ex13.csproj", "{FB2E471D-9C04-4355-AD52-F40889CB4DAB}"
EndProject
Project("{9A19103F-16F7-4668-BE54-9A1E7A4F7556}") = "Ex14", "Ex14\Ex14.csproj", "{E80CA17E-3277-48F1-91E9-AC02A12AFE83}"
EndProject
Project("{9A19103F-16F7-4668-BE54-9A1E7A4F7556}") = "Ex15", "Ex15\Ex15.csproj", "{DE635599-A053-47AC-B334-299A7B4FB527}"
EndProject
Project("{9A19103F-16F7-4668-BE54-9A1E7A4F7556}") = "Ex16", "Ex16\Ex16.csproj", "{0B29BE8F-72B9-4146-83D3-24739F44440A}"
EndProject
Project("{9A19103F-16F7-4668-BE54-9A1E7A4F7556}") = "Ex17", "Ex17\Ex17.csproj", "{55D57567-9B8D-466F-A847-47BD48063317}"
EndProject
Project("{9A19103F-16F7-4668-BE54-9A1E7A4F7556}") = "Ex18", "Ex18\Ex18.csproj", "{5E155710-22BD-4E6F-8076-0BDD4BBA098D}"
EndProject
Project("{9A19103F-16F7-4668-BE54-9A1E7A4F7556}") = "Ex19", "Ex19\Ex19.csproj", "{D091A240-9485-420E-A928-BB0D692CCF76}"
EndProject
Project("{9A19103F-16F7-4668-BE54-9A1E7A4F7556}") = "Ex20", "Ex20\Ex20.csproj", "{E67E68F9-5FC9-4801-86CB-A2818839235F}"
EndProject
Project("{9A19103F-16F7-4668-BE54-9A1E7A4F7556}") = "Ex21", "Ex21\Ex21.csproj", "{BCF15B5A-EB3C-4833-A42C-0FF0AF30BAC9}"
EndProject
Project("{9A19103F-16F7-4668-BE54-9A1E7A4F7556}") = "Ex22", "Ex22\Ex22.csproj", "{7705259C-258F-47F3-9AFD-92BE3E81FDCF}"
EndProject
Project("{FAE04EC0-301F-11D3-BF4B-00C04F79EFBC}") = "Ex19.b", "Ex19.b\Ex19.b.csproj", "{3972463A-D163-4391-9882-F715ECCC332C}"
EndProject
Global
	GlobalSection(SolutionConfigurationPlatforms) = preSolution
		Debug|Any CPU = Debug|Any CPU
		Release|Any CPU = Release|Any CPU
	EndGlobalSection
	GlobalSection(ProjectConfigurationPlatforms) = postSolution
		{A7061891-9C35-488C-80CA-C4BC439D90E2}.Debug|Any CPU.ActiveCfg = Debug|Any CPU
		{A7061891-9C35-488C-80CA-C4BC439D90E2}.Debug|Any CPU.Build.0 = Debug|Any CPU
		{A7061891-9C35-488C-80CA-C4BC439D90E2}.Release|Any CPU.ActiveCfg = Release|Any CPU
		{A7061891-9C35-488C-80CA-C4BC439D90E2}.Release|Any CPU.Build.0 = Release|Any CPU
		{70E677C0-69A3-4595-B9C5-3BC2069A75B2}.Debug|Any CPU.ActiveCfg = Debug|Any CPU
		{70E677C0-69A3-4595-B9C5-3BC2069A75B2}.Debug|Any CPU.Build.0 = Debug|Any CPU
		{70E677C0-69A3-4595-B9C5-3BC2069A75B2}.Release|Any CPU.ActiveCfg = Release|Any CPU
		{70E677C0-69A3-4595-B9C5-3BC2069A75B2}.Release|Any CPU.Build.0 = Release|Any CPU
		{F4BC501C-0DAB-42B6-9DE4-6E72DA64A2B0}.Debug|Any CPU.ActiveCfg = Debug|Any CPU
		{F4BC501C-0DAB-42B6-9DE4-6E72DA64A2B0}.Debug|Any CPU.Build.0 = Debug|Any CPU
		{F4BC501C-0DAB-42B6-9DE4-6E72DA64A2B0}.Release|Any CPU.ActiveCfg = Release|Any CPU
		{F4BC501C-0DAB-42B6-9DE4-6E72DA64A2B0}.Release|Any CPU.Build.0 = Release|Any CPU
		{E9FACBF3-E797-4D7E-B718-7C31F94FAAD1}.Debug|Any CPU.ActiveCfg = Debug|Any CPU
		{E9FACBF3-E797-4D7E-B718-7C31F94FAAD1}.Debug|Any CPU.Build.0 = Debug|Any CPU
		{E9FACBF3-E797-4D7E-B718-7C31F94FAAD1}.Release|Any CPU.ActiveCfg = Release|Any CPU
		{E9FACBF3-E797-4D7E-B718-7C31F94FAAD1}.Release|Any CPU.Build.0 = Release|Any CPU
		{4DC42C6C-42D4-4D74-A3BE-E7EBBE4D225E}.Debug|Any CPU.ActiveCfg = Debug|Any CPU
		{4DC42C6C-42D4-4D74-A3BE-E7EBBE4D225E}.Debug|Any CPU.Build.0 = Debug|Any CPU
		{4DC42C6C-42D4-4D74-A3BE-E7EBBE4D225E}.Release|Any CPU.ActiveCfg = Release|Any CPU
		{4DC42C6C-42D4-4D74-A3BE-E7EBBE4D225E}.Release|Any CPU.Build.0 = Release|Any CPU
		{D087CC12-61AF-4A80-AAE7-4FE34C1353BA}.Debug|Any CPU.ActiveCfg = Debug|Any CPU
		{D087CC12-61AF-4A80-AAE7-4FE34C1353BA}.Debug|Any CPU.Build.0 = Debug|Any CPU
		{D087CC12-61AF-4A80-AAE7-4FE34C1353BA}.Release|Any CPU.ActiveCfg = Release|Any CPU
		{D087CC12-61AF-4A80-AAE7-4FE34C1353BA}.Release|Any CPU.Build.0 = Release|Any CPU
		{093E1430-D7D9-40BD-9B0D-2716E6FE647E}.Debug|Any CPU.ActiveCfg = Debug|Any CPU
		{093E1430-D7D9-40BD-9B0D-2716E6FE647E}.Debug|Any CPU.Build.0 = Debug|Any CPU
		{093E1430-D7D9-40BD-9B0D-2716E6FE647E}.Release|Any CPU.ActiveCfg = Release|Any CPU
		{093E1430-D7D9-40BD-9B0D-2716E6FE647E}.Release|Any CPU.Build.0 = Release|Any CPU
		{297EBA06-655D-4287-86D1-C94CD842F2AD}.Debug|Any CPU.ActiveCfg = Debug|Any CPU
		{297EBA06-655D-4287-86D1-C94CD842F2AD}.Debug|Any CPU.Build.0 = Debug|Any CPU
		{297EBA06-655D-4287-86D1-C94CD842F2AD}.Release|Any CPU.ActiveCfg = Release|Any CPU
		{297EBA06-655D-4287-86D1-C94CD842F2AD}.Release|Any CPU.Build.0 = Release|Any CPU
		{8BFB08AD-45C4-4F7D-A556-0E051BFEEFA8}.Debug|Any CPU.ActiveCfg = Debug|Any CPU
		{8BFB08AD-45C4-4F7D-A556-0E051BFEEFA8}.Debug|Any CPU.Build.0 = Debug|Any CPU
		{8BFB08AD-45C4-4F7D-A556-0E051BFEEFA8}.Release|Any CPU.ActiveCfg = Release|Any CPU
		{8BFB08AD-45C4-4F7D-A556-0E051BFEEFA8}.Release|Any CPU.Build.0 = Release|Any CPU
		{236C7EEE-93AD-41BD-BD4D-D99383934F40}.Debug|Any CPU.ActiveCfg = Debug|Any CPU
		{236C7EEE-93AD-41BD-BD4D-D99383934F40}.Debug|Any CPU.Build.0 = Debug|Any CPU
		{236C7EEE-93AD-41BD-BD4D-D99383934F40}.Release|Any CPU.ActiveCfg = Release|Any CPU
		{236C7EEE-93AD-41BD-BD4D-D99383934F40}.Release|Any CPU.Build.0 = Release|Any CPU
		{8B54EDFA-AF3D-4AB9-A2B4-14E8E27E357B}.Debug|Any CPU.ActiveCfg = Debug|Any CPU
		{8B54EDFA-AF3D-4AB9-A2B4-14E8E27E357B}.Debug|Any CPU.Build.0 = Debug|Any CPU
		{8B54EDFA-AF3D-4AB9-A2B4-14E8E27E357B}.Release|Any CPU.ActiveCfg = Release|Any CPU
		{8B54EDFA-AF3D-4AB9-A2B4-14E8E27E357B}.Release|Any CPU.Build.0 = Release|Any CPU
		{8D2C7C48-03CC-40A1-85E9-C332B9794247}.Debug|Any CPU.ActiveCfg = Debug|Any CPU
		{8D2C7C48-03CC-40A1-85E9-C332B9794247}.Debug|Any CPU.Build.0 = Debug|Any CPU
		{8D2C7C48-03CC-40A1-85E9-C332B9794247}.Release|Any CPU.ActiveCfg = Release|Any CPU
		{8D2C7C48-03CC-40A1-85E9-C332B9794247}.Release|Any CPU.Build.0 = Release|Any CPU
		{FB2E471D-9C04-4355-AD52-F40889CB4DAB}.Debug|Any CPU.ActiveCfg = Debug|Any CPU
		{FB2E471D-9C04-4355-AD52-F40889CB4DAB}.Debug|Any CPU.Build.0 = Debug|Any CPU
		{FB2E471D-9C04-4355-AD52-F40889CB4DAB}.Release|Any CPU.ActiveCfg = Release|Any CPU
		{FB2E471D-9C04-4355-AD52-F40889CB4DAB}.Release|Any CPU.Build.0 = Release|Any CPU
		{E80CA17E-3277-48F1-91E9-AC02A12AFE83}.Debug|Any CPU.ActiveCfg = Debug|Any CPU
		{E80CA17E-3277-48F1-91E9-AC02A12AFE83}.Debug|Any CPU.Build.0 = Debug|Any CPU
		{E80CA17E-3277-48F1-91E9-AC02A12AFE83}.Release|Any CPU.ActiveCfg = Release|Any CPU
		{E80CA17E-3277-48F1-91E9-AC02A12AFE83}.Release|Any CPU.Build.0 = Release|Any CPU
		{DE635599-A053-47AC-B334-299A7B4FB527}.Debug|Any CPU.ActiveCfg = Debug|Any CPU
		{DE635599-A053-47AC-B334-299A7B4FB527}.Debug|Any CPU.Build.0 = Debug|Any CPU
		{DE635599-A053-47AC-B334-299A7B4FB527}.Release|Any CPU.ActiveCfg = Release|Any CPU
		{DE635599-A053-47AC-B334-299A7B4FB527}.Release|Any CPU.Build.0 = Release|Any CPU
		{0B29BE8F-72B9-4146-83D3-24739F44440A}.Debug|Any CPU.ActiveCfg = Debug|Any CPU
		{0B29BE8F-72B9-4146-83D3-24739F44440A}.Debug|Any CPU.Build.0 = Debug|Any CPU
		{0B29BE8F-72B9-4146-83D3-24739F44440A}.Release|Any CPU.ActiveCfg = Release|Any CPU
		{0B29BE8F-72B9-4146-83D3-24739F44440A}.Release|Any CPU.Build.0 = Release|Any CPU
		{55D57567-9B8D-466F-A847-47BD48063317}.Debug|Any CPU.ActiveCfg = Debug|Any CPU
		{55D57567-9B8D-466F-A847-47BD48063317}.Debug|Any CPU.Build.0 = Debug|Any CPU
		{55D57567-9B8D-466F-A847-47BD48063317}.Release|Any CPU.ActiveCfg = Release|Any CPU
		{55D57567-9B8D-466F-A847-47BD48063317}.Release|Any CPU.Build.0 = Release|Any CPU
		{5E155710-22BD-4E6F-8076-0BDD4BBA098D}.Debug|Any CPU.ActiveCfg = Debug|Any CPU
		{5E155710-22BD-4E6F-8076-0BDD4BBA098D}.Debug|Any CPU.Build.0 = Debug|Any CPU
		{5E155710-22BD-4E6F-8076-0BDD4BBA098D}.Release|Any CPU.ActiveCfg = Release|Any CPU
		{5E155710-22BD-4E6F-8076-0BDD4BBA098D}.Release|Any CPU.Build.0 = Release|Any CPU
		{D091A240-9485-420E-A928-BB0D692CCF76}.Debug|Any CPU.ActiveCfg = Debug|Any CPU
		{D091A240-9485-420E-A928-BB0D692CCF76}.Debug|Any CPU.Build.0 = Debug|Any CPU
		{D091A240-9485-420E-A928-BB0D692CCF76}.Release|Any CPU.ActiveCfg = Release|Any CPU
		{D091A240-9485-420E-A928-BB0D692CCF76}.Release|Any CPU.Build.0 = Release|Any CPU
		{E67E68F9-5FC9-4801-86CB-A2818839235F}.Debug|Any CPU.ActiveCfg = Debug|Any CPU
		{E67E68F9-5FC9-4801-86CB-A2818839235F}.Debug|Any CPU.Build.0 = Debug|Any CPU
		{E67E68F9-5FC9-4801-86CB-A2818839235F}.Release|Any CPU.ActiveCfg = Release|Any CPU
		{E67E68F9-5FC9-4801-86CB-A2818839235F}.Release|Any CPU.Build.0 = Release|Any CPU
		{BCF15B5A-EB3C-4833-A42C-0FF0AF30BAC9}.Debug|Any CPU.ActiveCfg = Debug|Any CPU
		{BCF15B5A-EB3C-4833-A42C-0FF0AF30BAC9}.Debug|Any CPU.Build.0 = Debug|Any CPU
		{BCF15B5A-EB3C-4833-A42C-0FF0AF30BAC9}.Release|Any CPU.ActiveCfg = Release|Any CPU
		{BCF15B5A-EB3C-4833-A42C-0FF0AF30BAC9}.Release|Any CPU.Build.0 = Release|Any CPU
		{7705259C-258F-47F3-9AFD-92BE3E81FDCF}.Debug|Any CPU.ActiveCfg = Debug|Any CPU
		{7705259C-258F-47F3-9AFD-92BE3E81FDCF}.Debug|Any CPU.Build.0 = Debug|Any CPU
		{7705259C-258F-47F3-9AFD-92BE3E81FDCF}.Release|Any CPU.ActiveCfg = Release|Any CPU
		{7705259C-258F-47F3-9AFD-92BE3E81FDCF}.Release|Any CPU.Build.0 = Release|Any CPU
		{3972463A-D163-4391-9882-F715ECCC332C}.Debug|Any CPU.ActiveCfg = Debug|Any CPU
		{3972463A-D163-4391-9882-F715ECCC332C}.Debug|Any CPU.Build.0 = Debug|Any CPU
		{3972463A-D163-4391-9882-F715ECCC332C}.Release|Any CPU.ActiveCfg = Release|Any CPU
		{3972463A-D163-4391-9882-F715ECCC332C}.Release|Any CPU.Build.0 = Release|Any CPU
	EndGlobalSection
	GlobalSection(SolutionProperties) = preSolution
		HideSolutionNode = FALSE
	EndGlobalSection
	GlobalSection(ExtensibilityGlobals) = postSolution
		SolutionGuid = {A652D62D-F51E-4445-9646-898335B0C6E6}
	EndGlobalSection
EndGlobal
